{
    "_readme": [
        "This file locks the dependencies of your project to a known state",
        "Read more about it at http://getcomposer.org/doc/01-basic-usage.md#composer-lock-the-lock-file",
        "This file is @generated automatically"
    ],
    "hash": "9417ae21cfd04b8dca8e1c9d510bdc8f",
    "packages": [
        {
            "name": "components/bootstrap",
            "version": "3.3.2",
            "source": {
                "type": "git",
                "url": "https://github.com/components/bootstrap.git",
                "reference": "bffd83f39eb2679850482410b9bdd39a8cc456e5"
            },
            "dist": {
                "type": "zip",
                "url": "https://api.github.com/repos/components/bootstrap/zipball/bffd83f39eb2679850482410b9bdd39a8cc456e5",
                "reference": "bffd83f39eb2679850482410b9bdd39a8cc456e5",
                "shasum": ""
            },
            "require": {
                "components/jquery": ">=1.9.1"
            },
            "suggest": {
                "components/bootstrap-default": "Provide a theme for Bootstrap as components/bootstrap only provides the CSS as file assets"
            },
            "type": "component",
            "extra": {
                "component": {
                    "scripts": [
                        "js/bootstrap.js"
                    ],
                    "files": [
                        "js/*.js",
                        "css/*.css",
                        "css/*.map",
                        "fonts/*",
                        "less/mixins/*.less",
                        "less/*.less"
                    ],
                    "shim": {
                        "deps": [
                            "jquery"
                        ]
                    }
                }
            },
            "notification-url": "https://packagist.org/downloads/",
            "license": [
                "MIT"
            ],
            "authors": [
                {
                    "name": "Jacob Thornton",
                    "email": "jacobthornton@gmail.com"
                },
                {
                    "name": "Mark Otto",
                    "email": "markdotto@gmail.com"
                }
            ],
            "description": "The most popular front-end framework for developing responsive, mobile first projects on the web.",
            "homepage": "http://getbootstrap.com",
            "keywords": [
                "css",
                "framework",
                "front-end",
                "less",
                "mobile-first",
                "responsive",
                "web"
            ],
            "time": "2015-01-22 12:14:01"
        },
        {
            "name": "components/highlightjs",
            "version": "8.4.0",
            "source": {
                "type": "git",
                "url": "https://github.com/components/highlightjs.git",
                "reference": "f27b85bc25d6c70c69347e77193688ec562ce2eb"
            },
            "dist": {
                "type": "zip",
                "url": "https://api.github.com/repos/components/highlightjs/zipball/f27b85bc25d6c70c69347e77193688ec562ce2eb",
                "reference": "f27b85bc25d6c70c69347e77193688ec562ce2eb",
                "shasum": ""
            },
            "type": "component",
            "extra": {
                "component": {
                    "scripts": [
                        "highlight.pack.js"
                    ],
                    "files": [
                        "styles/*"
                    ],
                    "shim": {
                        "exports": "hljs"
                    }
                }
            },
            "notification-url": "https://packagist.org/downloads/",
            "license": [
                "BSD-3-Clause"
            ],
            "authors": [
                {
                    "name": "Ivan Sagalaev",
                    "email": "maniac@softwaremaniacs.org",
                    "homepage": "http://softwaremaniacs.org"
                }
            ],
            "description": "Highlight.js highlights syntax in code examples on blogs, forums and in fact on any web pages.",
            "time": "2014-12-10 02:08:20"
        },
        {
            "name": "components/jquery",
            "version": "2.1.3",
            "source": {
                "type": "git",
                "url": "https://github.com/components/jquery.git",
                "reference": "f8edb647d1833fd5d57410ab70860f03534cb2e8"
            },
            "dist": {
                "type": "zip",
                "url": "https://api.github.com/repos/components/jquery/zipball/f8edb647d1833fd5d57410ab70860f03534cb2e8",
                "reference": "f8edb647d1833fd5d57410ab70860f03534cb2e8",
                "shasum": ""
            },
            "type": "component",
            "extra": {
                "component": {
                    "scripts": [
                        "jquery.js"
                    ],
                    "files": [
                        "jquery.min.js",
                        "jquery.min.map",
                        "jquery-migrate.js",
                        "jquery-migrate.min.js"
                    ]
                }
            },
            "notification-url": "https://packagist.org/downloads/",
            "license": [
                "MIT"
            ],
            "authors": [
                {
                    "name": "John Resig",
                    "email": "jeresig@gmail.com"
                }
            ],
            "description": "jQuery JavaScript Library",
            "homepage": "http://jquery.com",
            "time": "2014-12-23 06:48:45"
        }
    ],
    "packages-dev": [],
    "aliases": [],
    "minimum-stability": "stable",
    "stability-flags": [],
    "prefer-stable": false,
    "prefer-lowest": false,
    "platform": [],
    "platform-dev": []
}
